
Microsoft Visual Studio Solution File, Format Version 12.00
# Visual Studio Version 17
VisualStudioVersion = 17.7.34031.279
MinimumVisualStudioVersion = 10.0.40219.1
Project("{FAE04EC0-301F-11D3-BF4B-00C04F79EFBC}") = "დავალება4", "დავალება4.csproj", "{83DAA6BD-C80F-4096-9B11-79851FA9AA6B}"
EndProject
Global
	GlobalSection(SolutionConfigurationPlatforms) = preSolution
		Debug|Any CPU = Debug|Any CPU
		Release|Any CPU = Release|Any CPU
	EndGlobalSection
	GlobalSection(ProjectConfigurationPlatforms) = postSolution
		{83DAA6BD-C80F-4096-9B11-79851FA9AA6B}.Debug|Any CPU.ActiveCfg = Debug|Any CPU
		{83DAA6BD-C80F-4096-9B11-79851FA9AA6B}.Debug|Any CPU.Build.0 = Debug|Any CPU
		{83DAA6BD-C80F-4096-9B11-79851FA9AA6B}.Release|Any CPU.ActiveCfg = Release|Any CPU
		{83DAA6BD-C80F-4096-9B11-79851FA9AA6B}.Release|Any CPU.Build.0 = Release|Any CPU
	EndGlobalSection
	GlobalSection(SolutionProperties) = preSolution
		HideSolutionNode = FALSE
	EndGlobalSection
	GlobalSection(ExtensibilityGlobals) = postSolution
		SolutionGuid = {A8C70DD3-7B90-4777-973F-9429F18B480B}
	EndGlobalSection
EndGlobal
